
Microsoft Visual Studio Solution File, Format Version 12.00
# Visual Studio Version 17
VisualStudioVersion = 17.0.31903.59
MinimumVisualStudioVersion = 10.0.40219.1
Project("{FAE04EC0-301F-11D3-BF4B-00C04F79EFBC}") = "TiposDeOperadores", "ExemploFundamentos\TiposDeOperadores.csproj", "{1256F8C6-8458-4963-B57C-DB2CFCABB3EA}"
EndProject
Project("{FAE04EC0-301F-11D3-BF4B-00C04F79EFBC}") = "ExemploFundamentos.Common", "ExemploFundamentos.Common\ExemploFundamentos.Common.csproj", "{C6F65CEA-B0DF-4D14-B05D-B71F0DFC05BC}"
EndProject
Global
	GlobalSection(SolutionConfigurationPlatforms) = preSolution
		Debug|Any CPU = Debug|Any CPU
		Release|Any CPU = Release|Any CPU
	EndGlobalSection
	GlobalSection(SolutionProperties) = preSolution
		HideSolutionNode = FALSE
	EndGlobalSection
	GlobalSection(ProjectConfigurationPlatforms) = postSolution
		{1256F8C6-8458-4963-B57C-DB2CFCABB3EA}.Debug|Any CPU.ActiveCfg = Debug|Any CPU
		{1256F8C6-8458-4963-B57C-DB2CFCABB3EA}.Debug|Any CPU.Build.0 = Debug|Any CPU
		{1256F8C6-8458-4963-B57C-DB2CFCABB3EA}.Release|Any CPU.ActiveCfg = Release|Any CPU
		{1256F8C6-8458-4963-B57C-DB2CFCABB3EA}.Release|Any CPU.Build.0 = Release|Any CPU
		{C6F65CEA-B0DF-4D14-B05D-B71F0DFC05BC}.Debug|Any CPU.ActiveCfg = Debug|Any CPU
		{C6F65CEA-B0DF-4D14-B05D-B71F0DFC05BC}.Debug|Any CPU.Build.0 = Debug|Any CPU
		{C6F65CEA-B0DF-4D14-B05D-B71F0DFC05BC}.Release|Any CPU.ActiveCfg = Release|Any CPU
		{C6F65CEA-B0DF-4D14-B05D-B71F0DFC05BC}.Release|Any CPU.Build.0 = Release|Any CPU
	EndGlobalSection
EndGlobal
